
Microsoft Visual Studio Solution File, Format Version 12.00
# Visual Studio Version 17
VisualStudioVersion = 17.4.33122.133
MinimumVisualStudioVersion = 10.0.40219.1
Project("{9A19103F-16F7-4668-BE54-9A1E7A4F7556}") = "ToDoApp.Server", "ToDoApp.Server\ToDoApp.Server.csproj", "{8D600F9B-592E-44CD-BF11-E22C25E2DAFA}"
EndProject
Project("{9A19103F-16F7-4668-BE54-9A1E7A4F7556}") = "TodoApp.Client", "TodoApp.Client\TodoApp.Client.csproj", "{C9181FF4-A9EB-4DD2-B419-F45CB4B7FF4D}"
EndProject
Global
	GlobalSection(SolutionConfigurationPlatforms) = preSolution
		Debug|Any CPU = Debug|Any CPU
		Release|Any CPU = Release|Any CPU
	EndGlobalSection
	GlobalSection(ProjectConfigurationPlatforms) = postSolution
		{8D600F9B-592E-44CD-BF11-E22C25E2DAFA}.Debug|Any CPU.ActiveCfg = Debug|Any CPU
		{8D600F9B-592E-44CD-BF11-E22C25E2DAFA}.Debug|Any CPU.Build.0 = Debug|Any CPU
		{8D600F9B-592E-44CD-BF11-E22C25E2DAFA}.Release|Any CPU.ActiveCfg = Release|Any CPU
		{8D600F9B-592E-44CD-BF11-E22C25E2DAFA}.Release|Any CPU.Build.0 = Release|Any CPU
		{C9181FF4-A9EB-4DD2-B419-F45CB4B7FF4D}.Debug|Any CPU.ActiveCfg = Debug|Any CPU
		{C9181FF4-A9EB-4DD2-B419-F45CB4B7FF4D}.Debug|Any CPU.Build.0 = Debug|Any CPU
		{C9181FF4-A9EB-4DD2-B419-F45CB4B7FF4D}.Release|Any CPU.ActiveCfg = Release|Any CPU
		{C9181FF4-A9EB-4DD2-B419-F45CB4B7FF4D}.Release|Any CPU.Build.0 = Release|Any CPU
	EndGlobalSection
	GlobalSection(SolutionProperties) = preSolution
		HideSolutionNode = FALSE
	EndGlobalSection
	GlobalSection(ExtensibilityGlobals) = postSolution
		SolutionGuid = {9BE3896E-68EE-4B72-91CC-34C683301CDD}
	EndGlobalSection
EndGlobal
